// !$*UTF8*$!
{
	archiveVersion = 1;
	classes = {
	};
	objectVersion = 46;
	objects = {

/* Begin PBXBuildFile section */
		8A0EC4051A6E037E00B966AF /* main.m in Sources */ = {isa = PBXBuildFile; fileRef = 8A0EC4041A6E037E00B966AF /* main.m */; };
		8A0EC4081A6E037E00B966AF /* AppDelegate.m in Sources */ = {isa = PBXBuildFile; fileRef = 8A0EC4071A6E037E00B966AF /* AppDelegate.m */; };
		8A0EC40B1A6E037E00B966AF /* ViewController.m in Sources */ = {isa = PBXBuildFile; fileRef = 8A0EC40A1A6E037E00B966AF /* ViewController.m */; };
		8A0EC40E1A6E037E00B966AF /* Main.storyboard in Resources */ = {isa = PBXBuildFile; fileRef = 8A0EC40C1A6E037E00B966AF /* Main.storyboard */; };
		8A0EC4101A6E037E00B966AF /* Images.xcassets in Resources */ = {isa = PBXBuildFile; fileRef = 8A0EC40F1A6E037E00B966AF /* Images.xcassets */; };
		8A0EC4131A6E037E00B966AF /* LaunchScreen.xib in Resources */ = {isa = PBXBuildFile; fileRef = 8A0EC4111A6E037E00B966AF /* LaunchScreen.xib */; };
		8A0EC41F1A6E037E00B966AF /* LCCalculatorTests.m in Sources */ = {isa = PBXBuildFile; fileRef = 8A0EC41E1A6E037E00B966AF /* LCCalculatorTests.m */; };
		8A0EC42F1A6E081500B966AF /* LCCalculatorModel.m in Sources */ = {isa = PBXBuildFile; fileRef = 8A0EC42E1A6E081500B966AF /* LCCalculatorModel.m */; };
		8A0EC4301A6E081500B966AF /* LCCalculatorModel.m in Sources */ = {isa = PBXBuildFile; fileRef = 8A0EC42E1A6E081500B966AF /* LCCalculatorModel.m */; };
/* End PBXBuildFile section */

/* Begin PBXContainerItemProxy section */
		8A0EC4191A6E037E00B966AF /* PBXContainerItemProxy */ = {
			isa = PBXContainerItemProxy;
			containerPortal = 8A0EC3F71A6E037E00B966AF /* Project object */;
			proxyType = 1;
			remoteGlobalIDString = 8A0EC3FE1A6E037E00B966AF;
			remoteInfo = LCCalculator;
		};
/* End PBXContainerItemProxy section */

/* Begin PBXFileReference section */
		8A0EC3FF1A6E037E00B966AF /* LCCalculator.app */ = {isa = PBXFileReference; explicitFileType = wrapper.application; includeInIndex = 0; path = LCCalculator.app; sourceTree = BUILT_PRODUCTS_DIR; };
		8A0EC4031A6E037E00B966AF /* Info.plist */ = {isa = PBXFileReference; lastKnownFileType = text.plist.xml; path = Info.plist; sourceTree = "<group>"; };
		8A0EC4041A6E037E00B966AF /* main.m */ = {isa = PBXFileReference; lastKnownFileType = sourcecode.c.objc; path = main.m; sourceTree = "<group>"; };
		8A0EC4061A6E037E00B966AF /* AppDelegate.h */ = {isa = PBXFileReference; lastKnownFileType = sourcecode.c.h; path = AppDelegate.h; sourceTree = "<group>"; };
		8A0EC4071A6E037E00B966AF /* AppDelegate.m */ = {isa = PBXFileReference; lastKnownFileType = sourcecode.c.objc; path = AppDelegate.m; sourceTree = "<group>"; };
		8A0EC4091A6E037E00B966AF /* ViewController.h */ = {isa = PBXFileReference; lastKnownFileType = sourcecode.c.h; path = ViewController.h; sourceTree = "<group>"; };
		8A0EC40A1A6E037E00B966AF /* ViewController.m */ = {isa = PBXFileReference; lastKnownFileType = sourcecode.c.objc; path = ViewController.m; sourceTree = "<group>"; };
		8A0EC40D1A6E037E00B966AF /* Base */ = {isa = PBXFileReference; lastKnownFileType = file.storyboard; name = Base; path = Base.lproj/Main.storyboard; sourceTree = "<group>"; };
		8A0EC40F1A6E037E00B966AF /* Images.xcassets */ = {isa = PBXFileReference; lastKnownFileType = folder.assetcatalog; path = Images.xcassets; sourceTree = "<group>"; };
		8A0EC4121A6E037E00B966AF /* Base */ = {isa = PBXFileReference; lastKnownFileType = file.xib; name = Base; path = Base.lproj/LaunchScreen.xib; sourceTree = "<group>"; };
		8A0EC4181A6E037E00B966AF /* LCCalculatorTests.xctest */ = {isa = PBXFileReference; explicitFileType = wrapper.cfbundle; includeInIndex = 0; path = LCCalculatorTests.xctest; sourceTree = BUILT_PRODUCTS_DIR; };
		8A0EC41D1A6E037E00B966AF /* Info.plist */ = {isa = PBXFileReference; lastKnownFileType = text.plist.xml; path = Info.plist; sourceTree = "<group>"; };
		8A0EC41E1A6E037E00B966AF /* LCCalculatorTests.m */ = {isa = PBXFileReference; lastKnownFileType = sourcecode.c.objc; path = LCCalculatorTests.m; sourceTree = "<group>"; };
		8A0EC42D1A6E081500B966AF /* LCCalculatorModel.h */ = {isa = PBXFileReference; fileEncoding = 4; lastKnownFileType = sourcecode.c.h; path = LCCalculatorModel.h; sourceTree = "<group>"; };
		8A0EC42E1A6E081500B966AF /* LCCalculatorModel.m */ = {isa = PBXFileReference; fileEncoding = 4; lastKnownFileType = sourcecode.c.objc; path = LCCalculatorModel.m; sourceTree = "<group>"; };
/* End PBXFileReference section */

/* Begin PBXFrameworksBuildPhase section */
		8A0EC3FC1A6E037E00B966AF /* Frameworks */ = {
			isa = PBXFrameworksBuildPhase;
			buildActionMask = 2147483647;
			files = (
			);
			runOnlyForDeploymentPostprocessing = 0;
		};
		8A0EC4151A6E037E00B966AF /* Frameworks */ = {
			isa = PBXFrameworksBuildPhase;
			buildActionMask = 2147483647;
			files = (
			);
			runOnlyForDeploymentPostprocessing = 0;
		};
/* End PBXFrameworksBuildPhase section */

/* Begin PBXGroup section */
		8A0EC3F61A6E037E00B966AF = {
			isa = PBXGroup;
			children = (
				8A0EC4011A6E037E00B966AF /* LCCalculator */,
				8A0EC41B1A6E037E00B966AF /* LCCalculatorTests */,
				8A0EC4001A6E037E00B966AF /* Products */,
			);
			sourceTree = "<group>";
		};
		8A0EC4001A6E037E00B966AF /* Products */ = {
			isa = PBXGroup;
			children = (
				8A0EC3FF1A6E037E00B966AF /* LCCalculator.app */,
				8A0EC4181A6E037E00B966AF /* LCCalculatorTests.xctest */,
			);
			name = Products;
			sourceTree = "<group>";
		};
		8A0EC4011A6E037E00B966AF /* LCCalculator */ = {
			isa = PBXGroup;
			children = (
				8A0EC4061A6E037E00B966AF /* AppDelegate.h */,
				8A0EC4071A6E037E00B966AF /* AppDelegate.m */,
				8A0EC4091A6E037E00B966AF /* ViewController.h */,
				8A0EC40A1A6E037E00B966AF /* ViewController.m */,
				8A0EC40C1A6E037E00B966AF /* Main.storyboard */,
				8A0EC40F1A6E037E00B966AF /* Images.xcassets */,
				8A0EC4111A6E037E00B966AF /* LaunchScreen.xib */,
				8A0EC42C1A6E081500B966AF /* Model */,
				8A0EC4021A6E037E00B966AF /* Supporting Files */,
			);
			path = LCCalculator;
			sourceTree = "<group>";
		};
		8A0EC4021A6E037E00B966AF /* Supporting Files */ = {
			isa = PBXGroup;
			children = (
				8A0EC4031A6E037E00B966AF /* Info.plist */,
				8A0EC4041A6E037E00B966AF /* main.m */,
			);
			name = "Supporting Files";
			sourceTree = "<group>";
		};
		8A0EC41B1A6E037E00B966AF /* LCCalculatorTests */ = {
			isa = PBXGroup;
			children = (
				8A0EC41E1A6E037E00B966AF /* LCCalculatorTests.m */,
				8A0EC41C1A6E037E00B966AF /* Supporting Files */,
			);
			path = LCCalculatorTests;
			sourceTree = "<group>";
		};
		8A0EC41C1A6E037E00B966AF /* Supporting Files */ = {
			isa = PBXGroup;
			children = (
				8A0EC41D1A6E037E00B966AF /* Info.plist */,
			);
			name = "Supporting Files";
			sourceTree = "<group>";
		};
		8A0EC42C1A6E081500B966AF /* Model */ = {
			isa = PBXGroup;
			children = (
				8A0EC42D1A6E081500B966AF /* LCCalculatorModel.h */,
				8A0EC42E1A6E081500B966AF /* LCCalculatorModel.m */,
			);
			path = Model;
			sourceTree = "<group>";
		};
/* End PBXGroup section */

/* Begin PBXNativeTarget section */
		8A0EC3FE1A6E037E00B966AF /* LCCalculator */ = {
			isa = PBXNativeTarget;
			buildConfigurationList = 8A0EC4221A6E037E00B966AF /* Build configuration list for PBXNativeTarget "LCCalculator" */;
			buildPhases = (
				8A0EC3FB1A6E037E00B966AF /* Sources */,
				8A0EC3FC1A6E037E00B966AF /* Frameworks */,
				8A0EC3FD1A6E037E00B966AF /* Resources */,
			);
			buildRules = (
			);
			dependencies = (
			);
			name = LCCalculator;
			productName = LCCalculator;
			productReference = 8A0EC3FF1A6E037E00B966AF /* LCCalculator.app */;
			productType = "com.apple.product-type.application";
		};
		8A0EC4171A6E037E00B966AF /* LCCalculatorTests */ = {
			isa = PBXNativeTarget;
			buildConfigurationList = 8A0EC4251A6E037E00B966AF /* Build configuration list for PBXNativeTarget "LCCalculatorTests" */;
			buildPhases = (
				8A0EC4141A6E037E00B966AF /* Sources */,
				8A0EC4151A6E037E00B966AF /* Frameworks */,
				8A0EC4161A6E037E00B966AF /* Resources */,
			);
			buildRules = (
			);
			dependencies = (
				8A0EC41A1A6E037E00B966AF /* PBXTargetDependency */,
			);
			name = LCCalculatorTests;
			productName = LCCalculatorTests;
			productReference = 8A0EC4181A6E037E00B966AF /* LCCalculatorTests.xctest */;
			productType = "com.apple.product-type.bundle.unit-test";
		};
/* End PBXNativeTarget section */

/* Begin PBXProject section */
		8A0EC3F71A6E037E00B966AF /* Project object */ = {
			isa = PBXProject;
			attributes = {
				LastUpgradeCheck = 0610;
				ORGANIZATIONNAME = KKBOX;
				TargetAttributes = {
					8A0EC3FE1A6E037E00B966AF = {
						CreatedOnToolsVersion = 6.1.1;
					};
					8A0EC4171A6E037E00B966AF = {
						CreatedOnToolsVersion = 6.1.1;
						TestTargetID = 8A0EC3FE1A6E037E00B966AF;
					};
				};
			};
			buildConfigurationList = 8A0EC3FA1A6E037E00B966AF /* Build configuration list for PBXProject "LCCalculator" */;
			compatibilityVersion = "Xcode 3.2";
			developmentRegion = English;
			hasScannedForEncodings = 0;
			knownRegions = (
				en,
				Base,
			);
			mainGroup = 8A0EC3F61A6E037E00B966AF;
			productRefGroup = 8A0EC4001A6E037E00B966AF /* Products */;
			projectDirPath = "";
			projectRoot = "";
			targets = (
				8A0EC3FE1A6E037E00B966AF /* LCCalculator */,
				8A0EC4171A6E037E00B966AF /* LCCalculatorTests */,
			);
		};
/* End PBXProject section */

/* Begin PBXResourcesBuildPhase section */
		8A0EC3FD1A6E037E00B966AF /* Resources */ = {
			isa = PBXResourcesBuildPhase;
			buildActionMask = 2147483647;
			files = (
				8A0EC40E1A6E037E00B966AF /* Main.storyboard in Resources */,
				8A0EC4131A6E037E00B966AF /* LaunchScreen.xib in Resources */,
				8A0EC4101A6E037E00B966AF /* Images.xcassets in Resources */,
			);
			runOnlyForDeploymentPostprocessing = 0;
		};
		8A0EC4161A6E037E00B966AF /* Resources */ = {
			isa = PBXResourcesBuildPhase;
			buildActionMask = 2147483647;
			files = (
			);
			runOnlyForDeploymentPostprocessing = 0;
		};
/* End PBXResourcesBuildPhase section */

/* Begin PBXSourcesBuildPhase section */
		8A0EC3FB1A6E037E00B966AF /* Sources */ = {
			isa = PBXSourcesBuildPhase;
			buildActionMask = 2147483647;
			files = (
				8A0EC42F1A6E081500B966AF /* LCCalculatorModel.m in Sources */,
				8A0EC40B1A6E037E00B966AF /* ViewController.m in Sources */,
				8A0EC4081A6E037E00B966AF /* AppDelegate.m in Sources */,
				8A0EC4051A6E037E00B966AF /* main.m in Sources */,
			);
			runOnlyForDeploymentPostprocessing = 0;
		};
		8A0EC4141A6E037E00B966AF /* Sources */ = {
			isa = PBXSourcesBuildPhase;
			buildActionMask = 2147483647;
			files = (
				8A0EC4301A6E081500B966AF /* LCCalculatorModel.m in Sources */,
				8A0EC41F1A6E037E00B966AF /* LCCalculatorTests.m in Sources */,
			);
			runOnlyForDeploymentPostprocessing = 0;
		};
/* End PBXSourcesBuildPhase section */

/* Begin PBXTargetDependency section */
		8A0EC41A1A6E037E00B966AF /* PBXTargetDependency */ = {
			isa = PBXTargetDependency;
			target = 8A0EC3FE1A6E037E00B966AF /* LCCalculator */;
			targetProxy = 8A0EC4191A6E037E00B966AF /* PBXContainerItemProxy */;
		};
/* End PBXTargetDependency section */

/* Begin PBXVariantGroup section */
		8A0EC40C1A6E037E00B966AF /* Main.storyboard */ = {
			isa = PBXVariantGroup;
			children = (
				8A0EC40D1A6E037E00B966AF /* Base */,
			);
			name = Main.storyboard;
			sourceTree = "<group>";
		};
		8A0EC4111A6E037E00B966AF /* LaunchScreen.xib */ = {
			isa = PBXVariantGroup;
			children = (
				8A0EC4121A6E037E00B966AF /* Base */,
			);
			name = LaunchScreen.xib;
			sourceTree = "<group>";
		};
/* End PBXVariantGroup section */

/* Begin XCBuildConfiguration section */
		8A0EC4201A6E037E00B966AF /* Debug */ = {
			isa = XCBuildConfiguration;
			buildSettings = {
				ALWAYS_SEARCH_USER_PATHS = NO;
				CLANG_CXX_LANGUAGE_STANDARD = "gnu++0x";
				CLANG_CXX_LIBRARY = "libc++";
				CLANG_ENABLE_MODULES = YES;
				CLANG_ENABLE_OBJC_ARC = YES;
				CLANG_WARN_BOOL_CONVERSION = YES;
				CLANG_WARN_CONSTANT_CONVERSION = YES;
				CLANG_WARN_DIRECT_OBJC_ISA_USAGE = YES_ERROR;
				CLANG_WARN_EMPTY_BODY = YES;
				CLANG_WARN_ENUM_CONVERSION = YES;
				CLANG_WARN_INT_CONVERSION = YES;
				CLANG_WARN_OBJC_ROOT_CLASS = YES_ERROR;
				CLANG_WARN_UNREACHABLE_CODE = YES;
				CLANG_WARN__DUPLICATE_METHOD_MATCH = YES;
				"CODE_SIGN_IDENTITY[sdk=iphoneos*]" = "iPhone Developer";
				COPY_PHASE_STRIP = NO;
				ENABLE_STRICT_OBJC_MSGSEND = YES;
				GCC_C_LANGUAGE_STANDARD = gnu99;
				GCC_DYNAMIC_NO_PIC = NO;
				GCC_OPTIMIZATION_LEVEL = 0;
				GCC_PREPROCESSOR_DEFINITIONS = (
					"DEBUG=1",
					"$(inherited)",
				);
				GCC_SYMBOLS_PRIVATE_EXTERN = NO;
				GCC_WARN_64_TO_32_BIT_CONVERSION = YES;
				GCC_WARN_ABOUT_RETURN_TYPE = YES_ERROR;
				GCC_WARN_UNDECLARED_SELECTOR = YES;
				GCC_WARN_UNINITIALIZED_AUTOS = YES_AGGRESSIVE;
				GCC_WARN_UNUSED_FUNCTION = YES;
				GCC_WARN_UNUSED_VARIABLE = YES;
				IPHONEOS_DEPLOYMENT_TARGET = 8.1;
				MTL_ENABLE_DEBUG_INFO = YES;
				ONLY_ACTIVE_ARCH = YES;
				SDKROOT = iphoneos;
				TARGETED_DEVICE_FAMILY = "1,2";
			};
			name = Debug;
		};
		8A0EC4211A6E037E00B966AF /* Release */ = {
			isa = XCBuildConfiguration;
			buildSettings = {
				ALWAYS_SEARCH_USER_PATHS = NO;
				CLANG_CXX_LANGUAGE_STANDARD = "gnu++0x";
				CLANG_CXX_LIBRARY = "libc++";
				CLANG_ENABLE_MODULES = YES;
				CLANG_ENABLE_OBJC_ARC = YES;
				CLANG_WARN_BOOL_CONVERSION = YES;
				CLANG_WARN_CONSTANT_CONVERSION = YES;
				CLANG_WARN_DIRECT_OBJC_ISA_USAGE = YES_ERROR;
				CLANG_WARN_EMPTY_BODY = YES;
				CLANG_WARN_ENUM_CONVERSION = YES;
				CLANG_WARN_INT_CONVERSION = YES;
				CLANG_WARN_OBJC_ROOT_CLASS = YES_ERROR;
				CLANG_WARN_UNREACHABLE_CODE = YES;
				CLANG_WARN__DUPLICATE_METHOD_MATCH = YES;
				"CODE_SIGN_IDENTITY[sdk=iphoneos*]" = "iPhone Developer";
				COPY_PHASE_STRIP = YES;
				ENABLE_NS_ASSERTIONS = NO;
				ENABLE_STRICT_OBJC_MSGSEND = YES;
				GCC_C_LANGUAGE_STANDARD = gnu99;
				GCC_WARN_64_TO_32_BIT_CONVERSION = YES;
				GCC_WARN_ABOUT_RETURN_TYPE = YES_ERROR;
				GCC_WARN_UNDECLARED_SELECTOR = YES;
				GCC_WARN_UNINITIALIZED_AUTOS = YES_AGGRESSIVE;
				GCC_WARN_UNUSED_FUNCTION = YES;
				GCC_WARN_UNUSED_VARIABLE = YES;
				IPHONEOS_DEPLOYMENT_TARGET = 8.1;
				MTL_ENABLE_DEBUG_INFO = NO;
				SDKROOT = iphoneos;
				TARGETED_DEVICE_FAMILY = "1,2";
				VALIDATE_PRODUCT = YES;
			};
			name = Release;
		};
		8A0EC4231A6E037E00B966AF /* Debug */ = {
			isa = XCBuildConfiguration;
			buildSettings = {
				ASSETCATALOG_COMPILER_APPICON_NAME = AppIcon;
				INFOPLIST_FILE = LCCalculator/Info.plist;
				LD_RUNPATH_SEARCH_PATHS = "$(inherited) @executable_path/Frameworks";
				PRODUCT_NAME = "$(TARGET_NAME)";
			};
			name = Debug;
		};
		8A0EC4241A6E037E00B966AF /* Release */ = {
			isa = XCBuildConfiguration;
			buildSettings = {
				ASSETCATALOG_COMPILER_APPICON_NAME = AppIcon;
				INFOPLIST_FILE = LCCalculator/Info.plist;
				LD_RUNPATH_SEARCH_PATHS = "$(inherited) @executable_path/Frameworks";
				PRODUCT_NAME = "$(TARGET_NAME)";
			};
			name = Release;
		};
		8A0EC4261A6E037E00B966AF /* Debug */ = {
			isa = XCBuildConfiguration;
			buildSettings = {
				BUNDLE_LOADER = "$(TEST_HOST)";
				FRAMEWORK_SEARCH_PATHS = (
					"$(SDKROOT)/Developer/Library/Frameworks",
					"$(inherited)",
				);
				GCC_PREPROCESSOR_DEFINITIONS = (
					"DEBUG=1",
					"$(inherited)",
				);
				INFOPLIST_FILE = LCCalculatorTests/Info.plist;
				LD_RUNPATH_SEARCH_PATHS = "$(inherited) @executable_path/Frameworks @loader_path/Frameworks";
				PRODUCT_NAME = "$(TARGET_NAME)";
				TEST_HOST = "$(BUILT_PRODUCTS_DIR)/LCCalculator.app/LCCalculator";
			};
			name = Debug;
		};
		8A0EC4271A6E037E00B966AF /* Release */ = {
			isa = XCBuildConfiguration;
			buildSettings = {
				BUNDLE_LOADER = "$(TEST_HOST)";
				FRAMEWORK_SEARCH_PATHS = (
					"$(SDKROOT)/Developer/Library/Frameworks",
					"$(inherited)",
				);
				INFOPLIST_FILE = LCCalculatorTests/Info.plist;
				LD_RUNPATH_SEARCH_PATHS = "$(inherited) @executable_path/Frameworks @loader_path/Frameworks";
				PRODUCT_NAME = "$(TARGET_NAME)";
				TEST_HOST = "$(BUILT_PRODUCTS_DIR)/LCCalculator.app/LCCalculator";
			};
			name = Release;
		};
/* End XCBuildConfiguration section */

/* Begin XCConfigurationList section */
		8A0EC3FA1A6E037E00B966AF /* Build configuration list for PBXProject "LCCalculator" */ = {
			isa = XCConfigurationList;
			buildConfigurations = (
				8A0EC4201A6E037E00B966AF /* Debug */,
				8A0EC4211A6E037E00B966AF /* Release */,
			);
			defaultConfigurationIsVisible = 0;
			defaultConfigurationName = Release;
		};
		8A0EC4221A6E037E00B966AF /* Build configuration list for PBXNativeTarget "LCCalculator" */ = {
			isa = XCConfigurationList;
			buildConfigurations = (
				8A0EC4231A6E037E00B966AF /* Debug */,
				8A0EC4241A6E037E00B966AF /* Release */,
			);
			defaultConfigurationIsVisible = 0;
		};
		8A0EC4251A6E037E00B966AF /* Build configuration list for PBXNativeTarget "LCCalculatorTests" */ = {
			isa = XCConfigurationList;
			buildConfigurations = (
				8A0EC4261A6E037E00B966AF /* Debug */,
				8A0EC4271A6E037E00B966AF /* Release */,
			);
			defaultConfigurationIsVisible = 0;
		};
/* End XCConfigurationList section */
	};
	rootObject = 8A0EC3F71A6E037E00B966AF /* Project object */;
}
